
Microsoft Visual Studio Solution File, Format Version 12.00
# Visual Studio 2012
Project("{FAE04EC0-301F-11D3-BF4B-00C04F79EFBC}") = "Shane.Church.StirlingBirthday.Core", "Shane.Church.StirlingBirthday.Core\Shane.Church.StirlingBirthday.Core.csproj", "{5793142F-B384-4BF0-8E43-DB3A3428F1A9}"
EndProject
Project("{2150E333-8FDC-42A3-9474-1A3956D46DE8}") = ".nuget", ".nuget", "{B184CFE9-2DD9-4A02-8EC0-7BBC06BC809C}"
	ProjectSection(SolutionItems) = preProject
		.nuget\NuGet.Config = .nuget\NuGet.Config
		.nuget\NuGet.exe = .nuget\NuGet.exe
		.nuget\NuGet.targets = .nuget\NuGet.targets
	EndProjectSection
EndProject
Project("{FAE04EC0-301F-11D3-BF4B-00C04F79EFBC}") = "Shane.Church.Utility.Core", "Shane.Church.Utility.Core\Shane.Church.Utility.Core.csproj", "{A28A5353-AFBB-4F9E-A1AA-1C9B49523028}"
EndProject
Project("{FAE04EC0-301F-11D3-BF4B-00C04F79EFBC}") = "Shane.Church.Utility.Core.WP", "Shane.Church.Utility.Core.WP\Shane.Church.Utility.Core.WP.csproj", "{75A3873F-015F-4784-B6A6-8A4484FBE48D}"
EndProject
Project("{FAE04EC0-301F-11D3-BF4B-00C04F79EFBC}") = "Shane.Church.StirlingBirthday.WP", "Shane.Church.StirlingBirthday.WP\Shane.Church.StirlingBirthday.WP.csproj", "{45CB384E-6FB8-4639-A9EB-AFFBA7A9488B}"
EndProject
Project("{FAE04EC0-301F-11D3-BF4B-00C04F79EFBC}") = "Shane.Church.StirlingBirthday.Core.WP", "Shane.Church.StirlingBirthday.Core.WP\Shane.Church.StirlingBirthday.Core.WP.csproj", "{21A5E8F6-1B5D-46B3-AB28-0CA30B3AFED5}"
EndProject
Project("{2150E333-8FDC-42A3-9474-1A3956D46DE8}") = "Core", "Core", "{15BD4A16-E8AC-4403-BB86-FA83CA9B44DE}"
EndProject
Project("{2150E333-8FDC-42A3-9474-1A3956D46DE8}") = "Windows Phone", "Windows Phone", "{BE221982-91DA-4FDD-81C1-CB1FB2ABD0C7}"
EndProject
Project("{FAE04EC0-301F-11D3-BF4B-00C04F79EFBC}") = "Shane.Church.StirlingBirthday.WP.Agent", "Shane.Church.StirlingBirthday.WP.Agent\Shane.Church.StirlingBirthday.WP.Agent.csproj", "{9BA38E99-0133-44D7-B45A-C84BBDDA2F57}"
EndProject
Project("{FAE04EC0-301F-11D3-BF4B-00C04F79EFBC}") = "Shane.Church.StirlingBirthday.WP8", "Shane.Church.StirlingBirthday.WP8\Shane.Church.StirlingBirthday.WP8.csproj", "{97379405-3CDF-40EE-9161-69BEA8AF580B}"
EndProject
Global
	GlobalSection(SolutionConfigurationPlatforms) = preSolution
		Debug Agent|Any CPU = Debug Agent|Any CPU
		Debug Agent|ARM = Debug Agent|ARM
		Debug Agent|x86 = Debug Agent|x86
		Debug|Any CPU = Debug|Any CPU
		Debug|ARM = Debug|ARM
		Debug|x86 = Debug|x86
		Release|Any CPU = Release|Any CPU
		Release|ARM = Release|ARM
		Release|x86 = Release|x86
	EndGlobalSection
	GlobalSection(ProjectConfigurationPlatforms) = postSolution
		{5793142F-B384-4BF0-8E43-DB3A3428F1A9}.Debug Agent|Any CPU.ActiveCfg = Debug|Any CPU
		{5793142F-B384-4BF0-8E43-DB3A3428F1A9}.Debug Agent|Any CPU.Build.0 = Debug|Any CPU
		{5793142F-B384-4BF0-8E43-DB3A3428F1A9}.Debug Agent|ARM.ActiveCfg = Debug|Any CPU
		{5793142F-B384-4BF0-8E43-DB3A3428F1A9}.Debug Agent|x86.ActiveCfg = Debug|Any CPU
		{5793142F-B384-4BF0-8E43-DB3A3428F1A9}.Debug|Any CPU.ActiveCfg = Debug|Any CPU
		{5793142F-B384-4BF0-8E43-DB3A3428F1A9}.Debug|Any CPU.Build.0 = Debug|Any CPU
		{5793142F-B384-4BF0-8E43-DB3A3428F1A9}.Debug|ARM.ActiveCfg = Debug|Any CPU
		{5793142F-B384-4BF0-8E43-DB3A3428F1A9}.Debug|x86.ActiveCfg = Debug|Any CPU
		{5793142F-B384-4BF0-8E43-DB3A3428F1A9}.Release|Any CPU.ActiveCfg = Release|Any CPU
		{5793142F-B384-4BF0-8E43-DB3A3428F1A9}.Release|Any CPU.Build.0 = Release|Any CPU
		{5793142F-B384-4BF0-8E43-DB3A3428F1A9}.Release|ARM.ActiveCfg = Release|Any CPU
		{5793142F-B384-4BF0-8E43-DB3A3428F1A9}.Release|x86.ActiveCfg = Release|Any CPU
		{A28A5353-AFBB-4F9E-A1AA-1C9B49523028}.Debug Agent|Any CPU.ActiveCfg = Debug|Any CPU
		{A28A5353-AFBB-4F9E-A1AA-1C9B49523028}.Debug Agent|Any CPU.Build.0 = Debug|Any CPU
		{A28A5353-AFBB-4F9E-A1AA-1C9B49523028}.Debug Agent|ARM.ActiveCfg = Debug|Any CPU
		{A28A5353-AFBB-4F9E-A1AA-1C9B49523028}.Debug Agent|x86.ActiveCfg = Debug|Any CPU
		{A28A5353-AFBB-4F9E-A1AA-1C9B49523028}.Debug|Any CPU.ActiveCfg = Debug|Any CPU
		{A28A5353-AFBB-4F9E-A1AA-1C9B49523028}.Debug|Any CPU.Build.0 = Debug|Any CPU
		{A28A5353-AFBB-4F9E-A1AA-1C9B49523028}.Debug|ARM.ActiveCfg = Debug|Any CPU
		{A28A5353-AFBB-4F9E-A1AA-1C9B49523028}.Debug|x86.ActiveCfg = Debug|Any CPU
		{A28A5353-AFBB-4F9E-A1AA-1C9B49523028}.Release|Any CPU.ActiveCfg = Release|Any CPU
		{A28A5353-AFBB-4F9E-A1AA-1C9B49523028}.Release|Any CPU.Build.0 = Release|Any CPU
		{A28A5353-AFBB-4F9E-A1AA-1C9B49523028}.Release|ARM.ActiveCfg = Release|Any CPU
		{A28A5353-AFBB-4F9E-A1AA-1C9B49523028}.Release|x86.ActiveCfg = Release|Any CPU
		{75A3873F-015F-4784-B6A6-8A4484FBE48D}.Debug Agent|Any CPU.ActiveCfg = Debug|Any CPU
		{75A3873F-015F-4784-B6A6-8A4484FBE48D}.Debug Agent|Any CPU.Build.0 = Debug|Any CPU
		{75A3873F-015F-4784-B6A6-8A4484FBE48D}.Debug Agent|ARM.ActiveCfg = Debug|Any CPU
		{75A3873F-015F-4784-B6A6-8A4484FBE48D}.Debug Agent|x86.ActiveCfg = Debug|Any CPU
		{75A3873F-015F-4784-B6A6-8A4484FBE48D}.Debug|Any CPU.ActiveCfg = Debug|Any CPU
		{75A3873F-015F-4784-B6A6-8A4484FBE48D}.Debug|Any CPU.Build.0 = Debug|Any CPU
		{75A3873F-015F-4784-B6A6-8A4484FBE48D}.Debug|ARM.ActiveCfg = Debug|Any CPU
		{75A3873F-015F-4784-B6A6-8A4484FBE48D}.Debug|x86.ActiveCfg = Debug|Any CPU
		{75A3873F-015F-4784-B6A6-8A4484FBE48D}.Release|Any CPU.ActiveCfg = Release|Any CPU
		{75A3873F-015F-4784-B6A6-8A4484FBE48D}.Release|Any CPU.Build.0 = Release|Any CPU
		{75A3873F-015F-4784-B6A6-8A4484FBE48D}.Release|ARM.ActiveCfg = Release|Any CPU
		{75A3873F-015F-4784-B6A6-8A4484FBE48D}.Release|x86.ActiveCfg = Release|Any CPU
		{45CB384E-6FB8-4639-A9EB-AFFBA7A9488B}.Debug Agent|Any CPU.ActiveCfg = Debug Agent|Any CPU
		{45CB384E-6FB8-4639-A9EB-AFFBA7A9488B}.Debug Agent|Any CPU.Build.0 = Debug Agent|Any CPU
		{45CB384E-6FB8-4639-A9EB-AFFBA7A9488B}.Debug Agent|Any CPU.Deploy.0 = Debug Agent|Any CPU
		{45CB384E-6FB8-4639-A9EB-AFFBA7A9488B}.Debug Agent|ARM.ActiveCfg = Debug Agent|Any CPU
		{45CB384E-6FB8-4639-A9EB-AFFBA7A9488B}.Debug Agent|x86.ActiveCfg = Debug Agent|Any CPU
		{45CB384E-6FB8-4639-A9EB-AFFBA7A9488B}.Debug|Any CPU.ActiveCfg = Debug|Any CPU
		{45CB384E-6FB8-4639-A9EB-AFFBA7A9488B}.Debug|Any CPU.Build.0 = Debug|Any CPU
		{45CB384E-6FB8-4639-A9EB-AFFBA7A9488B}.Debug|Any CPU.Deploy.0 = Debug|Any CPU
		{45CB384E-6FB8-4639-A9EB-AFFBA7A9488B}.Debug|ARM.ActiveCfg = Debug|Any CPU
		{45CB384E-6FB8-4639-A9EB-AFFBA7A9488B}.Debug|x86.ActiveCfg = Debug|Any CPU
		{45CB384E-6FB8-4639-A9EB-AFFBA7A9488B}.Release|Any CPU.ActiveCfg = Release|Any CPU
		{45CB384E-6FB8-4639-A9EB-AFFBA7A9488B}.Release|Any CPU.Build.0 = Release|Any CPU
		{45CB384E-6FB8-4639-A9EB-AFFBA7A9488B}.Release|Any CPU.Deploy.0 = Release|Any CPU
		{45CB384E-6FB8-4639-A9EB-AFFBA7A9488B}.Release|ARM.ActiveCfg = Release|Any CPU
		{45CB384E-6FB8-4639-A9EB-AFFBA7A9488B}.Release|x86.ActiveCfg = Release|Any CPU
		{21A5E8F6-1B5D-46B3-AB28-0CA30B3AFED5}.Debug Agent|Any CPU.ActiveCfg = Debug Agent|Any CPU
		{21A5E8F6-1B5D-46B3-AB28-0CA30B3AFED5}.Debug Agent|Any CPU.Build.0 = Debug Agent|Any CPU
		{21A5E8F6-1B5D-46B3-AB28-0CA30B3AFED5}.Debug Agent|ARM.ActiveCfg = Debug Agent|Any CPU
		{21A5E8F6-1B5D-46B3-AB28-0CA30B3AFED5}.Debug Agent|x86.ActiveCfg = Debug Agent|Any CPU
		{21A5E8F6-1B5D-46B3-AB28-0CA30B3AFED5}.Debug|Any CPU.ActiveCfg = Debug|Any CPU
		{21A5E8F6-1B5D-46B3-AB28-0CA30B3AFED5}.Debug|Any CPU.Build.0 = Debug|Any CPU
		{21A5E8F6-1B5D-46B3-AB28-0CA30B3AFED5}.Debug|ARM.ActiveCfg = Debug|Any CPU
		{21A5E8F6-1B5D-46B3-AB28-0CA30B3AFED5}.Debug|x86.ActiveCfg = Debug|Any CPU
		{21A5E8F6-1B5D-46B3-AB28-0CA30B3AFED5}.Release|Any CPU.ActiveCfg = Release|Any CPU
		{21A5E8F6-1B5D-46B3-AB28-0CA30B3AFED5}.Release|Any CPU.Build.0 = Release|Any CPU
		{21A5E8F6-1B5D-46B3-AB28-0CA30B3AFED5}.Release|ARM.ActiveCfg = Release|Any CPU
		{21A5E8F6-1B5D-46B3-AB28-0CA30B3AFED5}.Release|x86.ActiveCfg = Release|Any CPU
		{9BA38E99-0133-44D7-B45A-C84BBDDA2F57}.Debug Agent|Any CPU.ActiveCfg = Debug Agent|Any CPU
		{9BA38E99-0133-44D7-B45A-C84BBDDA2F57}.Debug Agent|Any CPU.Build.0 = Debug Agent|Any CPU
		{9BA38E99-0133-44D7-B45A-C84BBDDA2F57}.Debug Agent|ARM.ActiveCfg = Debug Agent|Any CPU
		{9BA38E99-0133-44D7-B45A-C84BBDDA2F57}.Debug Agent|x86.ActiveCfg = Debug Agent|Any CPU
		{9BA38E99-0133-44D7-B45A-C84BBDDA2F57}.Debug|Any CPU.ActiveCfg = Debug|Any CPU
		{9BA38E99-0133-44D7-B45A-C84BBDDA2F57}.Debug|Any CPU.Build.0 = Debug|Any CPU
		{9BA38E99-0133-44D7-B45A-C84BBDDA2F57}.Debug|ARM.ActiveCfg = Debug|Any CPU
		{9BA38E99-0133-44D7-B45A-C84BBDDA2F57}.Debug|x86.ActiveCfg = Debug|Any CPU
		{9BA38E99-0133-44D7-B45A-C84BBDDA2F57}.Release|Any CPU.ActiveCfg = Release|Any CPU
		{9BA38E99-0133-44D7-B45A-C84BBDDA2F57}.Release|Any CPU.Build.0 = Release|Any CPU
		{9BA38E99-0133-44D7-B45A-C84BBDDA2F57}.Release|ARM.ActiveCfg = Release|Any CPU
		{9BA38E99-0133-44D7-B45A-C84BBDDA2F57}.Release|x86.ActiveCfg = Release|Any CPU
		{97379405-3CDF-40EE-9161-69BEA8AF580B}.Debug Agent|Any CPU.ActiveCfg = Debug Agent|Any CPU
		{97379405-3CDF-40EE-9161-69BEA8AF580B}.Debug Agent|Any CPU.Build.0 = Debug Agent|Any CPU
		{97379405-3CDF-40EE-9161-69BEA8AF580B}.Debug Agent|Any CPU.Deploy.0 = Debug Agent|Any CPU
		{97379405-3CDF-40EE-9161-69BEA8AF580B}.Debug Agent|ARM.ActiveCfg = Debug|ARM
		{97379405-3CDF-40EE-9161-69BEA8AF580B}.Debug Agent|ARM.Build.0 = Debug|ARM
		{97379405-3CDF-40EE-9161-69BEA8AF580B}.Debug Agent|ARM.Deploy.0 = Debug|ARM
		{97379405-3CDF-40EE-9161-69BEA8AF580B}.Debug Agent|x86.ActiveCfg = Debug|x86
		{97379405-3CDF-40EE-9161-69BEA8AF580B}.Debug Agent|x86.Build.0 = Debug|x86
		{97379405-3CDF-40EE-9161-69BEA8AF580B}.Debug Agent|x86.Deploy.0 = Debug|x86
		{97379405-3CDF-40EE-9161-69BEA8AF580B}.Debug|Any CPU.ActiveCfg = Debug|Any CPU
		{97379405-3CDF-40EE-9161-69BEA8AF580B}.Debug|Any CPU.Build.0 = Debug|Any CPU
		{97379405-3CDF-40EE-9161-69BEA8AF580B}.Debug|ARM.ActiveCfg = Debug|ARM
		{97379405-3CDF-40EE-9161-69BEA8AF580B}.Debug|ARM.Build.0 = Debug|ARM
		{97379405-3CDF-40EE-9161-69BEA8AF580B}.Debug|ARM.Deploy.0 = Debug|ARM
		{97379405-3CDF-40EE-9161-69BEA8AF580B}.Debug|x86.ActiveCfg = Debug|x86
		{97379405-3CDF-40EE-9161-69BEA8AF580B}.Debug|x86.Build.0 = Debug|x86
		{97379405-3CDF-40EE-9161-69BEA8AF580B}.Debug|x86.Deploy.0 = Debug|x86
		{97379405-3CDF-40EE-9161-69BEA8AF580B}.Release|Any CPU.ActiveCfg = Release|Any CPU
		{97379405-3CDF-40EE-9161-69BEA8AF580B}.Release|Any CPU.Build.0 = Release|Any CPU
		{97379405-3CDF-40EE-9161-69BEA8AF580B}.Release|ARM.ActiveCfg = Release|ARM
		{97379405-3CDF-40EE-9161-69BEA8AF580B}.Release|ARM.Build.0 = Release|ARM
		{97379405-3CDF-40EE-9161-69BEA8AF580B}.Release|ARM.Deploy.0 = Release|ARM
		{97379405-3CDF-40EE-9161-69BEA8AF580B}.Release|x86.ActiveCfg = Release|x86
		{97379405-3CDF-40EE-9161-69BEA8AF580B}.Release|x86.Build.0 = Release|x86
		{97379405-3CDF-40EE-9161-69BEA8AF580B}.Release|x86.Deploy.0 = Release|x86
	EndGlobalSection
	GlobalSection(SolutionProperties) = preSolution
		HideSolutionNode = FALSE
	EndGlobalSection
	GlobalSection(NestedProjects) = preSolution
		{A28A5353-AFBB-4F9E-A1AA-1C9B49523028} = {15BD4A16-E8AC-4403-BB86-FA83CA9B44DE}
		{5793142F-B384-4BF0-8E43-DB3A3428F1A9} = {15BD4A16-E8AC-4403-BB86-FA83CA9B44DE}
		{45CB384E-6FB8-4639-A9EB-AFFBA7A9488B} = {BE221982-91DA-4FDD-81C1-CB1FB2ABD0C7}
		{21A5E8F6-1B5D-46B3-AB28-0CA30B3AFED5} = {BE221982-91DA-4FDD-81C1-CB1FB2ABD0C7}
		{75A3873F-015F-4784-B6A6-8A4484FBE48D} = {BE221982-91DA-4FDD-81C1-CB1FB2ABD0C7}
		{9BA38E99-0133-44D7-B45A-C84BBDDA2F57} = {BE221982-91DA-4FDD-81C1-CB1FB2ABD0C7}
		{97379405-3CDF-40EE-9161-69BEA8AF580B} = {BE221982-91DA-4FDD-81C1-CB1FB2ABD0C7}
	EndGlobalSection
EndGlobal
