
Microsoft Visual Studio Solution File, Format Version 12.00
# Visual Studio 2012
Project("{FAE04EC0-301F-11D3-BF4B-00C04F79EFBC}") = "Shane.Church.StirlingBirthday", "Shane.Church.StirlingBirthday\Shane.Church.StirlingBirthday.csproj", "{ED24EF58-1F45-4B94-BEFE-19334613BE5C}"
EndProject
Project("{FAE04EC0-301F-11D3-BF4B-00C04F79EFBC}") = "Shane.Church.StirlingBirthday.TaskAgent", "Shane.Church.StirlingBirthday.TaskAgent\Shane.Church.StirlingBirthday.TaskAgent.csproj", "{C1A646C4-A17B-465F-A5AB-62A69D6A7C55}"
EndProject
Project("{FAE04EC0-301F-11D3-BF4B-00C04F79EFBC}") = "Shane.Church.StirlingBirthday.ViewModels", "Shane.Church.StirlingBirthday.ViewModels\Shane.Church.StirlingBirthday.ViewModels.csproj", "{A37F899E-31D6-4C7A-AE62-52033E3C5865}"
EndProject
Project("{FAE04EC0-301F-11D3-BF4B-00C04F79EFBC}") = "Shane.Church.Utility", "Shane.Church.Utility\Shane.Church.Utility.csproj", "{CB05818D-F4B6-4D51-A332-3DE6983EE8BB}"
EndProject
Project("{FAE04EC0-301F-11D3-BF4B-00C04F79EFBC}") = "Shane.Church.StirlingBirthday.Controls", "Shane.Church.StirlingBirthday.Controls\Shane.Church.StirlingBirthday.Controls.csproj", "{E0FC5959-7809-4C28-A8DF-67B18F767674}"
EndProject
Project("{2150E333-8FDC-42A3-9474-1A3956D46DE8}") = "Original", "Original", "{562AFB02-AA51-4C05-9294-27B280A0B78B}"
EndProject
Project("{FAE04EC0-301F-11D3-BF4B-00C04F79EFBC}") = "Shane.Church.StirlingBirthday.Core", "Shane.Church.StirlingBirthday.Core\Shane.Church.StirlingBirthday.Core.csproj", "{5793142F-B384-4BF0-8E43-DB3A3428F1A9}"
EndProject
Project("{2150E333-8FDC-42A3-9474-1A3956D46DE8}") = ".nuget", ".nuget", "{B184CFE9-2DD9-4A02-8EC0-7BBC06BC809C}"
	ProjectSection(SolutionItems) = preProject
		.nuget\NuGet.Config = .nuget\NuGet.Config
		.nuget\NuGet.exe = .nuget\NuGet.exe
		.nuget\NuGet.targets = .nuget\NuGet.targets
	EndProjectSection
EndProject
Project("{FAE04EC0-301F-11D3-BF4B-00C04F79EFBC}") = "Shane.Church.Utility.Core", "Shane.Church.Utility.Core\Shane.Church.Utility.Core.csproj", "{A28A5353-AFBB-4F9E-A1AA-1C9B49523028}"
EndProject
Project("{FAE04EC0-301F-11D3-BF4B-00C04F79EFBC}") = "Shane.Church.Utility.Core.WP", "Shane.Church.Utility.Core.WP\Shane.Church.Utility.Core.WP.csproj", "{75A3873F-015F-4784-B6A6-8A4484FBE48D}"
EndProject
Project("{FAE04EC0-301F-11D3-BF4B-00C04F79EFBC}") = "Shane.Church.StirlingBirthday.WP", "Shane.Church.StirlingBirthday.WP\Shane.Church.StirlingBirthday.WP.csproj", "{45CB384E-6FB8-4639-A9EB-AFFBA7A9488B}"
EndProject
Project("{FAE04EC0-301F-11D3-BF4B-00C04F79EFBC}") = "Shane.Church.StirlingBirthday.Core.WP", "Shane.Church.StirlingBirthday.Core.WP\Shane.Church.StirlingBirthday.Core.WP.csproj", "{21A5E8F6-1B5D-46B3-AB28-0CA30B3AFED5}"
EndProject
Project("{2150E333-8FDC-42A3-9474-1A3956D46DE8}") = "Core", "Core", "{15BD4A16-E8AC-4403-BB86-FA83CA9B44DE}"
EndProject
Project("{2150E333-8FDC-42A3-9474-1A3956D46DE8}") = "Windows Phone", "Windows Phone", "{BE221982-91DA-4FDD-81C1-CB1FB2ABD0C7}"
EndProject
Project("{FAE04EC0-301F-11D3-BF4B-00C04F79EFBC}") = "Shane.Church.StirlingBirthday.WP.Agent", "Shane.Church.StirlingBirthday.WP.Agent\Shane.Church.StirlingBirthday.WP.Agent.csproj", "{9BA38E99-0133-44D7-B45A-C84BBDDA2F57}"
EndProject
Global
	GlobalSection(SolutionConfigurationPlatforms) = preSolution
		Debug Agent|Any CPU = Debug Agent|Any CPU
		Debug|Any CPU = Debug|Any CPU
		Release|Any CPU = Release|Any CPU
	EndGlobalSection
	GlobalSection(ProjectConfigurationPlatforms) = postSolution
		{ED24EF58-1F45-4B94-BEFE-19334613BE5C}.Debug Agent|Any CPU.ActiveCfg = Debug Agent|Any CPU
		{ED24EF58-1F45-4B94-BEFE-19334613BE5C}.Debug Agent|Any CPU.Build.0 = Debug Agent|Any CPU
		{ED24EF58-1F45-4B94-BEFE-19334613BE5C}.Debug|Any CPU.ActiveCfg = Debug|Any CPU
		{ED24EF58-1F45-4B94-BEFE-19334613BE5C}.Debug|Any CPU.Build.0 = Debug|Any CPU
		{ED24EF58-1F45-4B94-BEFE-19334613BE5C}.Debug|Any CPU.Deploy.0 = Debug|Any CPU
		{ED24EF58-1F45-4B94-BEFE-19334613BE5C}.Release|Any CPU.ActiveCfg = Release|Any CPU
		{ED24EF58-1F45-4B94-BEFE-19334613BE5C}.Release|Any CPU.Build.0 = Release|Any CPU
		{ED24EF58-1F45-4B94-BEFE-19334613BE5C}.Release|Any CPU.Deploy.0 = Release|Any CPU
		{C1A646C4-A17B-465F-A5AB-62A69D6A7C55}.Debug Agent|Any CPU.ActiveCfg = Debug Agent|Any CPU
		{C1A646C4-A17B-465F-A5AB-62A69D6A7C55}.Debug Agent|Any CPU.Build.0 = Debug Agent|Any CPU
		{C1A646C4-A17B-465F-A5AB-62A69D6A7C55}.Debug|Any CPU.ActiveCfg = Debug|Any CPU
		{C1A646C4-A17B-465F-A5AB-62A69D6A7C55}.Debug|Any CPU.Build.0 = Debug|Any CPU
		{C1A646C4-A17B-465F-A5AB-62A69D6A7C55}.Release|Any CPU.ActiveCfg = Release|Any CPU
		{C1A646C4-A17B-465F-A5AB-62A69D6A7C55}.Release|Any CPU.Build.0 = Release|Any CPU
		{A37F899E-31D6-4C7A-AE62-52033E3C5865}.Debug Agent|Any CPU.ActiveCfg = Debug Agent|Any CPU
		{A37F899E-31D6-4C7A-AE62-52033E3C5865}.Debug Agent|Any CPU.Build.0 = Debug Agent|Any CPU
		{A37F899E-31D6-4C7A-AE62-52033E3C5865}.Debug|Any CPU.ActiveCfg = Debug|Any CPU
		{A37F899E-31D6-4C7A-AE62-52033E3C5865}.Debug|Any CPU.Build.0 = Debug|Any CPU
		{A37F899E-31D6-4C7A-AE62-52033E3C5865}.Release|Any CPU.ActiveCfg = Release|Any CPU
		{A37F899E-31D6-4C7A-AE62-52033E3C5865}.Release|Any CPU.Build.0 = Release|Any CPU
		{CB05818D-F4B6-4D51-A332-3DE6983EE8BB}.Debug Agent|Any CPU.ActiveCfg = Debug|Any CPU
		{CB05818D-F4B6-4D51-A332-3DE6983EE8BB}.Debug Agent|Any CPU.Build.0 = Debug|Any CPU
		{CB05818D-F4B6-4D51-A332-3DE6983EE8BB}.Debug|Any CPU.ActiveCfg = Debug|Any CPU
		{CB05818D-F4B6-4D51-A332-3DE6983EE8BB}.Debug|Any CPU.Build.0 = Debug|Any CPU
		{CB05818D-F4B6-4D51-A332-3DE6983EE8BB}.Release|Any CPU.ActiveCfg = Release|Any CPU
		{CB05818D-F4B6-4D51-A332-3DE6983EE8BB}.Release|Any CPU.Build.0 = Release|Any CPU
		{E0FC5959-7809-4C28-A8DF-67B18F767674}.Debug Agent|Any CPU.ActiveCfg = Debug|Any CPU
		{E0FC5959-7809-4C28-A8DF-67B18F767674}.Debug Agent|Any CPU.Build.0 = Debug|Any CPU
		{E0FC5959-7809-4C28-A8DF-67B18F767674}.Debug|Any CPU.ActiveCfg = Debug|Any CPU
		{E0FC5959-7809-4C28-A8DF-67B18F767674}.Debug|Any CPU.Build.0 = Debug|Any CPU
		{E0FC5959-7809-4C28-A8DF-67B18F767674}.Release|Any CPU.ActiveCfg = Release|Any CPU
		{E0FC5959-7809-4C28-A8DF-67B18F767674}.Release|Any CPU.Build.0 = Release|Any CPU
		{5793142F-B384-4BF0-8E43-DB3A3428F1A9}.Debug Agent|Any CPU.ActiveCfg = Debug|Any CPU
		{5793142F-B384-4BF0-8E43-DB3A3428F1A9}.Debug Agent|Any CPU.Build.0 = Debug|Any CPU
		{5793142F-B384-4BF0-8E43-DB3A3428F1A9}.Debug|Any CPU.ActiveCfg = Debug|Any CPU
		{5793142F-B384-4BF0-8E43-DB3A3428F1A9}.Debug|Any CPU.Build.0 = Debug|Any CPU
		{5793142F-B384-4BF0-8E43-DB3A3428F1A9}.Release|Any CPU.ActiveCfg = Release|Any CPU
		{5793142F-B384-4BF0-8E43-DB3A3428F1A9}.Release|Any CPU.Build.0 = Release|Any CPU
		{A28A5353-AFBB-4F9E-A1AA-1C9B49523028}.Debug Agent|Any CPU.ActiveCfg = Debug|Any CPU
		{A28A5353-AFBB-4F9E-A1AA-1C9B49523028}.Debug Agent|Any CPU.Build.0 = Debug|Any CPU
		{A28A5353-AFBB-4F9E-A1AA-1C9B49523028}.Debug|Any CPU.ActiveCfg = Debug|Any CPU
		{A28A5353-AFBB-4F9E-A1AA-1C9B49523028}.Debug|Any CPU.Build.0 = Debug|Any CPU
		{A28A5353-AFBB-4F9E-A1AA-1C9B49523028}.Release|Any CPU.ActiveCfg = Release|Any CPU
		{A28A5353-AFBB-4F9E-A1AA-1C9B49523028}.Release|Any CPU.Build.0 = Release|Any CPU
		{75A3873F-015F-4784-B6A6-8A4484FBE48D}.Debug Agent|Any CPU.ActiveCfg = Debug|Any CPU
		{75A3873F-015F-4784-B6A6-8A4484FBE48D}.Debug Agent|Any CPU.Build.0 = Debug|Any CPU
		{75A3873F-015F-4784-B6A6-8A4484FBE48D}.Debug|Any CPU.ActiveCfg = Debug|Any CPU
		{75A3873F-015F-4784-B6A6-8A4484FBE48D}.Debug|Any CPU.Build.0 = Debug|Any CPU
		{75A3873F-015F-4784-B6A6-8A4484FBE48D}.Release|Any CPU.ActiveCfg = Release|Any CPU
		{75A3873F-015F-4784-B6A6-8A4484FBE48D}.Release|Any CPU.Build.0 = Release|Any CPU
		{45CB384E-6FB8-4639-A9EB-AFFBA7A9488B}.Debug Agent|Any CPU.ActiveCfg = Debug Agent|Any CPU
		{45CB384E-6FB8-4639-A9EB-AFFBA7A9488B}.Debug Agent|Any CPU.Build.0 = Debug Agent|Any CPU
		{45CB384E-6FB8-4639-A9EB-AFFBA7A9488B}.Debug Agent|Any CPU.Deploy.0 = Debug Agent|Any CPU
		{45CB384E-6FB8-4639-A9EB-AFFBA7A9488B}.Debug|Any CPU.ActiveCfg = Debug|Any CPU
		{45CB384E-6FB8-4639-A9EB-AFFBA7A9488B}.Debug|Any CPU.Build.0 = Debug|Any CPU
		{45CB384E-6FB8-4639-A9EB-AFFBA7A9488B}.Debug|Any CPU.Deploy.0 = Debug|Any CPU
		{45CB384E-6FB8-4639-A9EB-AFFBA7A9488B}.Release|Any CPU.ActiveCfg = Release|Any CPU
		{45CB384E-6FB8-4639-A9EB-AFFBA7A9488B}.Release|Any CPU.Build.0 = Release|Any CPU
		{45CB384E-6FB8-4639-A9EB-AFFBA7A9488B}.Release|Any CPU.Deploy.0 = Release|Any CPU
		{21A5E8F6-1B5D-46B3-AB28-0CA30B3AFED5}.Debug Agent|Any CPU.ActiveCfg = Debug Agent|Any CPU
		{21A5E8F6-1B5D-46B3-AB28-0CA30B3AFED5}.Debug Agent|Any CPU.Build.0 = Debug Agent|Any CPU
		{21A5E8F6-1B5D-46B3-AB28-0CA30B3AFED5}.Debug|Any CPU.ActiveCfg = Debug|Any CPU
		{21A5E8F6-1B5D-46B3-AB28-0CA30B3AFED5}.Debug|Any CPU.Build.0 = Debug|Any CPU
		{21A5E8F6-1B5D-46B3-AB28-0CA30B3AFED5}.Release|Any CPU.ActiveCfg = Release|Any CPU
		{21A5E8F6-1B5D-46B3-AB28-0CA30B3AFED5}.Release|Any CPU.Build.0 = Release|Any CPU
		{9BA38E99-0133-44D7-B45A-C84BBDDA2F57}.Debug Agent|Any CPU.ActiveCfg = Debug Agent|Any CPU
		{9BA38E99-0133-44D7-B45A-C84BBDDA2F57}.Debug Agent|Any CPU.Build.0 = Debug Agent|Any CPU
		{9BA38E99-0133-44D7-B45A-C84BBDDA2F57}.Debug|Any CPU.ActiveCfg = Debug|Any CPU
		{9BA38E99-0133-44D7-B45A-C84BBDDA2F57}.Debug|Any CPU.Build.0 = Debug|Any CPU
		{9BA38E99-0133-44D7-B45A-C84BBDDA2F57}.Release|Any CPU.ActiveCfg = Release|Any CPU
		{9BA38E99-0133-44D7-B45A-C84BBDDA2F57}.Release|Any CPU.Build.0 = Release|Any CPU
	EndGlobalSection
	GlobalSection(SolutionProperties) = preSolution
		HideSolutionNode = FALSE
	EndGlobalSection
	GlobalSection(NestedProjects) = preSolution
		{C1A646C4-A17B-465F-A5AB-62A69D6A7C55} = {562AFB02-AA51-4C05-9294-27B280A0B78B}
		{A37F899E-31D6-4C7A-AE62-52033E3C5865} = {562AFB02-AA51-4C05-9294-27B280A0B78B}
		{CB05818D-F4B6-4D51-A332-3DE6983EE8BB} = {562AFB02-AA51-4C05-9294-27B280A0B78B}
		{E0FC5959-7809-4C28-A8DF-67B18F767674} = {562AFB02-AA51-4C05-9294-27B280A0B78B}
		{ED24EF58-1F45-4B94-BEFE-19334613BE5C} = {562AFB02-AA51-4C05-9294-27B280A0B78B}
		{A28A5353-AFBB-4F9E-A1AA-1C9B49523028} = {15BD4A16-E8AC-4403-BB86-FA83CA9B44DE}
		{5793142F-B384-4BF0-8E43-DB3A3428F1A9} = {15BD4A16-E8AC-4403-BB86-FA83CA9B44DE}
		{45CB384E-6FB8-4639-A9EB-AFFBA7A9488B} = {BE221982-91DA-4FDD-81C1-CB1FB2ABD0C7}
		{21A5E8F6-1B5D-46B3-AB28-0CA30B3AFED5} = {BE221982-91DA-4FDD-81C1-CB1FB2ABD0C7}
		{75A3873F-015F-4784-B6A6-8A4484FBE48D} = {BE221982-91DA-4FDD-81C1-CB1FB2ABD0C7}
		{9BA38E99-0133-44D7-B45A-C84BBDDA2F57} = {BE221982-91DA-4FDD-81C1-CB1FB2ABD0C7}
	EndGlobalSection
EndGlobal
